{
  "name": "web-api-nodejs",
  "version": "1.0.0",
  "lockfileVersion": 2,
  "requires": true,
  "packages": {
    "": {
      "name": "web-api-nodejs",
      "version": "1.0.0",
      "license": "ISC",
      "dependencies": {
        "CRMWebAPI": "^1.3.6"
      }
    },
    "node_modules/CRMWebAPI": {
      "version": "1.3.6",
      "resolved": "https://registry.npmjs.org/CRMWebAPI/-/CRMWebAPI-1.3.6.tgz",
      "integrity": "sha512-j8YJqBN3mRBQyC6WT2UGsZ6/gLrr++cCCoRZvpus1NFzZsvwTb9GaH6h36YD7ONbdy6DIN0wyLZCviLTPoDKPw==",
      "engines": {
        "node": ">=0.12"
      }
    }
  },
  "dependencies": {
    "CRMWebAPI": {
      "version": "1.3.6",
      "resolved": "https://registry.npmjs.org/CRMWebAPI/-/CRMWebAPI-1.3.6.tgz",
      "integrity": "sha512-j8YJqBN3mRBQyC6WT2UGsZ6/gLrr++cCCoRZvpus1NFzZsvwTb9GaH6h36YD7ONbdy6DIN0wyLZCviLTPoDKPw=="
    }
  }
}
